# This file is automatically @generated by Poetry 1.7.1 and should not be changed by hand.

[[package]]
name = "svgwrite"
version = "1.4.3"
description = "A Python library to create SVG drawings."
optional = false
python-versions = ">=3.6"
files = [
    {file = "svgwrite-1.4.3-py3-none-any.whl", hash = "sha256:bb6b2b5450f1edbfa597d924f9ac2dd099e625562e492021d7dd614f65f8a22d"},
    {file = "svgwrite-1.4.3.zip", hash = "sha256:a8fbdfd4443302a6619a7f76bc937fc683daf2628d9b737c891ec08b8ce524c3"},
]

[metadata]
lock-version = "2.0"
python-versions = "^3.12"
content-hash = "3ce6c68352f1e2ab757d942398132400640a42e262948c905d1469675a011a72"
